skills:
  - name: create-skill
    repo:
    local_path: ~/Code/scripts
    commit:
    skill_path: skills/create-skill
    linked_to:
      - ~/.agents/skills/create-skill
      - ~/.claude/skills/create-skill
      - ~/.codex/skills/create-skill
      - ~/.openclaw/skills/create-skill
  - name: hnread
    repo:
    local_path: ~/Code/scripts
    commit:
    skill_path: skills/hnread
    linked_to:
      - ~/.agents/skills/hnread
      - ~/.claude/skills/hnread
      - ~/.codex/skills/hnread
      - ~/.openclaw/skills/hnread
  - name: kb
    repo:
    local_path: ~/Code/scripts
    commit:
    skill_path: skills/kb
    linked_to:
      - ~/.agents/skills/kb
      - ~/.claude/skills/kb
      - ~/.codex/skills/kb
      - ~/.openclaw/skills/kb
  - name: llm-models
    repo:
    local_path: ~/Code/scripts
    commit:
    skill_path: skills/llm-models
    linked_to:
      - ~/.agents/skills/llm-models
      - ~/.claude/skills/llm-models
      - ~/.codex/skills/llm-models
      - ~/.openclaw/skills/llm-models
  - name: firecrawl
    repo: https://github.com/firecrawl/cli
    local_path:
    commit: a8cee5509a37abb2648dc02a3362f649f8ac221d
    skill_path: skills/firecrawl-cli
    linked_to:
      - ~/.agents/skills/firecrawl
      - ~/.claude/skills/firecrawl
      - ~/.codex/skills/firecrawl
      - ~/.openclaw/skills/firecrawl
  - name: baseline-ui
    repo: https://github.com/ibelick/ui-skills
    local_path:
    commit: 66eb2f5bc6c5dbdd13e601e23fb55ea64692807c
    skill_path: skills/baseline-ui
    linked_to:
      - ~/.agents/skills/baseline-ui
      - ~/.claude/skills/baseline-ui
      - ~/.codex/skills/baseline-ui
      - ~/.openclaw/skills/baseline-ui
  - name: redesign-existing-projects
    repo: https://github.com/Leonxlnx/taste-skill
    local_path:
    commit: 511dade495818101c3fc935a60185c671aaa1a4e
    skill_path: redesign-skill
    linked_to:
      - ~/.agents/skills/redesign-existing-projects
      - ~/.claude/skills/redesign-existing-projects
      - ~/.codex/skills/redesign-existing-projects
      - ~/.openclaw/skills/redesign-existing-projects
  - name: design-taste-frontend
    repo: https://github.com/Leonxlnx/taste-skill
    local_path:
    commit: 511dade495818101c3fc935a60185c671aaa1a4e
    skill_path: taste-skill
    linked_to:
      - ~/.agents/skills/design-taste-frontend
      - ~/.claude/skills/design-taste-frontend
      - ~/.codex/skills/design-taste-frontend
      - ~/.openclaw/skills/design-taste-frontend
  - name: planning-with-files
    repo: https://github.com/OthmanAdi/planning-with-files
    local_path:
    commit: 7b55095bce7624011ec118e6a6029e37ec8a1ea2
    skill_path: skills/planning-with-files
    linked_to:
      - ~/.agents/skills/planning-with-files
      - ~/.claude/skills/planning-with-files
      - ~/.codex/skills/planning-with-files
  - name: humanizer
    repo: https://github.com/blader/humanizer
    local_path:
    commit: d8085c7da5ddb9a179572837d4806b68cde3e9ff
    skill_path: .
    linked_to:
      - ~/.agents/skills/humanizer
      - ~/.claude/skills/humanizer
      - ~/.codex/skills/humanizer
      - ~/.openclaw/skills/humanizer
  - name: better-auth-best-practices
    repo: http://github.com/better-auth/skills
    local_path:
    commit: 6a1636950a1d7fc53602639ce7505a4a5d39c797
    skill_path: better-auth/best-practices
    linked_to:
      - ~/.agents/skills/better-auth-best-practices
      - ~/.claude/skills/better-auth-best-practices
      - ~/.codex/skills/better-auth-best-practices
      - ~/.openclaw/skills/better-auth-best-practices
  - name: create-auth-skill
    repo: http://github.com/better-auth/skills
    local_path:
    commit: 6a1636950a1d7fc53602639ce7505a4a5d39c797
    skill_path: better-auth/create-auth
    linked_to:
      - ~/.agents/skills/create-auth-skill
      - ~/.claude/skills/create-auth-skill
      - ~/.codex/skills/create-auth-skill
      - ~/.openclaw/skills/create-auth-skill
  - name: dev-browser
    repo: https://github.com/SawyerHood/dev-browser
    local_path:
    commit: 66682fb0513aec308e68d71740e2b0394a29d884
    skill_path: skills/dev-browser
    linked_to:
      - ~/.agents/skills/dev-browser
      - ~/.claude/skills/dev-browser
      - ~/.codex/skills/dev-browser
  - name: vercel-react-best-practices
    repo: https://github.com/vercel-labs/agent-skills
    local_path:
    commit: 64bee5b7ea30702448e2aed774eb361914029944
    skill_path: skills/react-best-practices
    linked_to:
      - ~/.agents/skills/vercel-react-best-practices
      - ~/.claude/skills/vercel-react-best-practices
      - ~/.codex/skills/vercel-react-best-practices
  - name: web-design-guidelines
    repo: https://github.com/vercel-labs/agent-skills
    local_path:
    commit: 64bee5b7ea30702448e2aed774eb361914029944
    skill_path: skills/web-design-guidelines
    linked_to:
      - ~/.agents/skills/web-design-guidelines
      - ~/.claude/skills/web-design-guidelines
      - ~/.codex/skills/web-design-guidelines
  - name: friendly-python
    repo: https://github.com/PsiACE/skills
    local_path:
    commit: 03d7334dfb7b3769cabbd33fcc1f5ee50d2a103b
    skill_path: skills/friendly-python
    linked_to:
      - ~/.agents/skills/friendly-python
      - ~/.claude/skills/friendly-python
      - ~/.codex/skills/friendly-python
      - ~/.openclaw/skills/friendly-python
  - name: piglet
    repo: https://github.com/PsiACE/skills
    local_path:
    commit: 03d7334dfb7b3769cabbd33fcc1f5ee50d2a103b
    skill_path: skills/piglet
    linked_to:
      - ~/.agents/skills/piglet
      - ~/.claude/skills/piglet
      - ~/.codex/skills/piglet
      - ~/.openclaw/skills/piglet
